
Microsoft Visual Studio Solution File, Format Version 12.00
# Visual Studio Version 16
VisualStudioVersion = 16.0.31624.102
MinimumVisualStudioVersion = 10.0.40219.1
Project("{FAE04EC0-301F-11D3-BF4B-00C04F79EFBC}") = "DangThang", "DangThang\DangThang.csproj", "{22EE61E5-6CC2-4526-B4F9-57EA06461745}"
EndProject
Global
	GlobalSection(SolutionConfigurationPlatforms) = preSolution
		Debug|Any CPU = Debug|Any CPU
		Release|Any CPU = Release|Any CPU
	EndGlobalSection
	GlobalSection(ProjectConfigurationPlatforms) = postSolution
		{22EE61E5-6CC2-4526-B4F9-57EA06461745}.Debug|Any CPU.ActiveCfg = Debug|Any CPU
		{22EE61E5-6CC2-4526-B4F9-57EA06461745}.Debug|Any CPU.Build.0 = Debug|Any CPU
		{22EE61E5-6CC2-4526-B4F9-57EA06461745}.Release|Any CPU.ActiveCfg = Release|Any CPU
		{22EE61E5-6CC2-4526-B4F9-57EA06461745}.Release|Any CPU.Build.0 = Release|Any CPU
	EndGlobalSection
	GlobalSection(SolutionProperties) = preSolution
		HideSolutionNode = FALSE
	EndGlobalSection
	GlobalSection(ExtensibilityGlobals) = postSolution
		SolutionGuid = {1DF118F8-DDC0-4C4B-BB0A-EADEF8D1FC87}
	EndGlobalSection
EndGlobal
